
Microsoft Visual Studio Solution File, Format Version 12.00
# Visual Studio Version 17
VisualStudioVersion = 17.6.33815.320
MinimumVisualStudioVersion = 10.0.40219.1
Project("{9A19103F-16F7-4668-BE54-9A1E7A4F7556}") = "LPSFM", "LPSFM\LPSFM.csproj", "{1CD2369B-7CAC-42D3-A97F-133AD04A7EBB}"
EndProject
Global
	GlobalSection(SolutionConfigurationPlatforms) = preSolution
		Debug|Any CPU = Debug|Any CPU
		Release|Any CPU = Release|Any CPU
		test|Any CPU = test|Any CPU
	EndGlobalSection
	GlobalSection(ProjectConfigurationPlatforms) = postSolution
		{1CD2369B-7CAC-42D3-A97F-133AD04A7EBB}.Debug|Any CPU.ActiveCfg = Debug|Any CPU
		{1CD2369B-7CAC-42D3-A97F-133AD04A7EBB}.Debug|Any CPU.Build.0 = Debug|Any CPU
		{1CD2369B-7CAC-42D3-A97F-133AD04A7EBB}.Release|Any CPU.ActiveCfg = Debug|Any CPU
		{1CD2369B-7CAC-42D3-A97F-133AD04A7EBB}.Release|Any CPU.Build.0 = Debug|Any CPU
		{1CD2369B-7CAC-42D3-A97F-133AD04A7EBB}.test|Any CPU.ActiveCfg = test|Any CPU
		{1CD2369B-7CAC-42D3-A97F-133AD04A7EBB}.test|Any CPU.Build.0 = test|Any CPU
	EndGlobalSection
	GlobalSection(SolutionProperties) = preSolution
		HideSolutionNode = FALSE
	EndGlobalSection
	GlobalSection(ExtensibilityGlobals) = postSolution
		SolutionGuid = {EACBF337-FB5E-4C81-8E7A-DCBC486DA01E}
	EndGlobalSection
EndGlobal
